
Microsoft Visual Studio Solution File, Format Version 12.00
# Visual Studio Version 16
VisualStudioVersion = 16.0.28803.452
MinimumVisualStudioVersion = 10.0.40219.1
Project("{9A19103F-16F7-4668-BE54-9A1E7A4F7556}") = "Gestion.EF", "Gestion.EF\Gestion.EF.csproj", "{C9CF2F7E-53D7-4916-ACE7-E526D28758C8}"
EndProject
Project("{9A19103F-16F7-4668-BE54-9A1E7A4F7556}") = "Gestion.Negocio", "Gestion.Negocio\Gestion.Negocio.csproj", "{458C67C8-76FF-44C5-AD17-705A8B9A9A87}"
EndProject
Project("{9A19103F-16F7-4668-BE54-9A1E7A4F7556}") = "Gestion.Web", "Gestion.Web\Gestion.Web.csproj", "{99A49519-8EC9-4DDE-B07A-3879E4BF315B}"
EndProject
Project("{9A19103F-16F7-4668-BE54-9A1E7A4F7556}") = "WorkerService", "WorkerService\WorkerService.csproj", "{8C59A112-8ADE-4DA7-9B98-6F12CA01FB3C}"
EndProject
Global
	GlobalSection(SolutionConfigurationPlatforms) = preSolution
		Debug|Any CPU = Debug|Any CPU
		Release|Any CPU = Release|Any CPU
	EndGlobalSection
	GlobalSection(ProjectConfigurationPlatforms) = postSolution
		{C9CF2F7E-53D7-4916-ACE7-E526D28758C8}.Debug|Any CPU.ActiveCfg = Debug|Any CPU
		{C9CF2F7E-53D7-4916-ACE7-E526D28758C8}.Debug|Any CPU.Build.0 = Debug|Any CPU
		{C9CF2F7E-53D7-4916-ACE7-E526D28758C8}.Release|Any CPU.ActiveCfg = Debug|Any CPU
		{C9CF2F7E-53D7-4916-ACE7-E526D28758C8}.Release|Any CPU.Build.0 = Debug|Any CPU
		{458C67C8-76FF-44C5-AD17-705A8B9A9A87}.Debug|Any CPU.ActiveCfg = Debug|Any CPU
		{458C67C8-76FF-44C5-AD17-705A8B9A9A87}.Debug|Any CPU.Build.0 = Debug|Any CPU
		{458C67C8-76FF-44C5-AD17-705A8B9A9A87}.Release|Any CPU.ActiveCfg = Debug|Any CPU
		{458C67C8-76FF-44C5-AD17-705A8B9A9A87}.Release|Any CPU.Build.0 = Debug|Any CPU
		{99A49519-8EC9-4DDE-B07A-3879E4BF315B}.Debug|Any CPU.ActiveCfg = Debug|Any CPU
		{99A49519-8EC9-4DDE-B07A-3879E4BF315B}.Debug|Any CPU.Build.0 = Debug|Any CPU
		{99A49519-8EC9-4DDE-B07A-3879E4BF315B}.Release|Any CPU.ActiveCfg = Debug|Any CPU
		{99A49519-8EC9-4DDE-B07A-3879E4BF315B}.Release|Any CPU.Build.0 = Debug|Any CPU
		{8C59A112-8ADE-4DA7-9B98-6F12CA01FB3C}.Debug|Any CPU.ActiveCfg = Debug|Any CPU
		{8C59A112-8ADE-4DA7-9B98-6F12CA01FB3C}.Debug|Any CPU.Build.0 = Debug|Any CPU
		{8C59A112-8ADE-4DA7-9B98-6F12CA01FB3C}.Release|Any CPU.ActiveCfg = Debug|Any CPU
		{8C59A112-8ADE-4DA7-9B98-6F12CA01FB3C}.Release|Any CPU.Build.0 = Debug|Any CPU
	EndGlobalSection
	GlobalSection(SolutionProperties) = preSolution
		HideSolutionNode = FALSE
	EndGlobalSection
	GlobalSection(ExtensibilityGlobals) = postSolution
		SolutionGuid = {84970BC4-0BC0-417D-9B38-5CF8C629ABE2}
	EndGlobalSection
EndGlobal
